
Microsoft Visual Studio Solution File, Format Version 11.00
# Visual Studio 2010
Project("{FAE04EC0-301F-11D3-BF4B-00C04F79EFBC}") = "Assembly-CSharp", "Assembly-CSharp.csproj", "{908ABF75-2E14-D1CD-DB35-D12CF649680C}"
EndProject
Project("{FAE04EC0-301F-11D3-BF4B-00C04F79EFBC}") = "Assembly-CSharp-Editor", "Assembly-CSharp-Editor.csproj", "{F299FE17-5DFC-1FEF-14CE-E21572367235}"
EndProject
Global
	GlobalSection(SolutionConfigurationPlatforms) = preSolution
		Debug|Any CPU = Debug|Any CPU
		Release|Any CPU = Release|Any CPU
	EndGlobalSection
	GlobalSection(ProjectConfigurationPlatforms) = postSolution
		{908ABF75-2E14-D1CD-DB35-D12CF649680C}.Debug|Any CPU.ActiveCfg = Debug|Any CPU
		{908ABF75-2E14-D1CD-DB35-D12CF649680C}.Debug|Any CPU.Build.0 = Debug|Any CPU
		{908ABF75-2E14-D1CD-DB35-D12CF649680C}.Release|Any CPU.ActiveCfg = Release|Any CPU
		{908ABF75-2E14-D1CD-DB35-D12CF649680C}.Release|Any CPU.Build.0 = Release|Any CPU
		{F299FE17-5DFC-1FEF-14CE-E21572367235}.Debug|Any CPU.ActiveCfg = Debug|Any CPU
		{F299FE17-5DFC-1FEF-14CE-E21572367235}.Debug|Any CPU.Build.0 = Debug|Any CPU
		{F299FE17-5DFC-1FEF-14CE-E21572367235}.Release|Any CPU.ActiveCfg = Release|Any CPU
		{F299FE17-5DFC-1FEF-14CE-E21572367235}.Release|Any CPU.Build.0 = Release|Any CPU
	EndGlobalSection
	GlobalSection(SolutionProperties) = preSolution
		HideSolutionNode = FALSE
	EndGlobalSection
	GlobalSection(MonoDevelopProperties) = preSolution
		StartupItem = Assembly-CSharp.csproj
	EndGlobalSection
EndGlobal
